
Microsoft Visual Studio Solution File, Format Version 12.00
# Visual Studio Version 17
VisualStudioVersion = 17.9.34607.119
MinimumVisualStudioVersion = 10.0.40219.1
Project("{9A19103F-16F7-4668-BE54-9A1E7A4F7556}") = "Goxbit", "Goxbit\Goxbit\Goxbit.csproj", "{3302486A-A332-4766-A770-FC1E4F623B37}"
EndProject
Project("{9A19103F-16F7-4668-BE54-9A1E7A4F7556}") = "Goxbit.Client", "Goxbit\Goxbit.Client\Goxbit.Client.csproj", "{D8F7ACF9-9F35-44A4-8911-E1E0E2BE7F89}"
EndProject
Global
	GlobalSection(SolutionConfigurationPlatforms) = preSolution
		Debug|Any CPU = Debug|Any CPU
		Release|Any CPU = Release|Any CPU
	EndGlobalSection
	GlobalSection(ProjectConfigurationPlatforms) = postSolution
		{3302486A-A332-4766-A770-FC1E4F623B37}.Debug|Any CPU.ActiveCfg = Debug|Any CPU
		{3302486A-A332-4766-A770-FC1E4F623B37}.Debug|Any CPU.Build.0 = Debug|Any CPU
		{3302486A-A332-4766-A770-FC1E4F623B37}.Release|Any CPU.ActiveCfg = Release|Any CPU
		{3302486A-A332-4766-A770-FC1E4F623B37}.Release|Any CPU.Build.0 = Release|Any CPU
		{D8F7ACF9-9F35-44A4-8911-E1E0E2BE7F89}.Debug|Any CPU.ActiveCfg = Debug|Any CPU
		{D8F7ACF9-9F35-44A4-8911-E1E0E2BE7F89}.Debug|Any CPU.Build.0 = Debug|Any CPU
		{D8F7ACF9-9F35-44A4-8911-E1E0E2BE7F89}.Release|Any CPU.ActiveCfg = Release|Any CPU
		{D8F7ACF9-9F35-44A4-8911-E1E0E2BE7F89}.Release|Any CPU.Build.0 = Release|Any CPU
	EndGlobalSection
	GlobalSection(SolutionProperties) = preSolution
		HideSolutionNode = FALSE
	EndGlobalSection
	GlobalSection(ExtensibilityGlobals) = postSolution
		SolutionGuid = {7F5B2AF7-3CA8-44E3-9109-8FE57DAF3F70}
	EndGlobalSection
EndGlobal
